// !$*UTF8*$!
{
	archiveVersion = 1;
	classes = {
	};
	objectVersion = 50;
	objects = {

/* Begin PBXBuildFile section */
		482FFF51209625A000A5F36F /* AppDelegate.swift in Sources */ = {isa = PBXBuildFile; fileRef = 482FFF50209625A000A5F36F /* AppDelegate.swift */; };
		482FFF53209625A000A5F36F /* ViewController.swift in Sources */ = {isa = PBXBuildFile; fileRef = 482FFF52209625A000A5F36F /* ViewController.swift */; };
		482FFF56209625A000A5F36F /* Main.storyboard in Resources */ = {isa = PBXBuildFile; fileRef = 482FFF54209625A000A5F36F /* Main.storyboard */; };
		482FFF58209625A100A5F36F /* Assets.xcassets in Resources */ = {isa = PBXBuildFile; fileRef = 482FFF57209625A100A5F36F /* Assets.xcassets */; };
		482FFF5B209625A100A5F36F /* LaunchScreen.storyboard in Resources */ = {isa = PBXBuildFile; fileRef = 482FFF59209625A100A5F36F /* LaunchScreen.storyboard */; };
/* End PBXBuildFile section */

/* Begin PBXFileReference section */
		482FFF4D209625A000A5F36F /* Auto Leyout Caclulator.app */ = {isa = PBXFileReference; explicitFileType = wrapper.application; includeInIndex = 0; path = "Auto Leyout Caclulator.app"; sourceTree = BUILT_PRODUCTS_DIR; };
		482FFF50209625A000A5F36F /* AppDelegate.swift */ = {isa = PBXFileReference; lastKnownFileType = sourcecode.swift; path = AppDelegate.swift; sourceTree = "<group>"; };
		482FFF52209625A000A5F36F /* ViewController.swift */ = {isa = PBXFileReference; lastKnownFileType = sourcecode.swift; path = ViewController.swift; sourceTree = "<group>"; };
		482FFF55209625A000A5F36F /* Base */ = {isa = PBXFileReference; lastKnownFileType = file.storyboard; name = Base; path = Base.lproj/Main.storyboard; sourceTree = "<group>"; };
		482FFF57209625A100A5F36F /* Assets.xcassets */ = {isa = PBXFileReference; lastKnownFileType = folder.assetcatalog; path = Assets.xcassets; sourceTree = "<group>"; };
		482FFF5A209625A100A5F36F /* Base */ = {isa = PBXFileReference; lastKnownFileType = file.storyboard; name = Base; path = Base.lproj/LaunchScreen.storyboard; sourceTree = "<group>"; };
		482FFF5C209625A100A5F36F /* Info.plist */ = {isa = PBXFileReference; lastKnownFileType = text.plist.xml; path = Info.plist; sourceTree = "<group>"; };
/* End PBXFileReference section */

/* Begin PBXFrameworksBuildPhase section */
		482FFF4A209625A000A5F36F /* Frameworks */ = {
			isa = PBXFrameworksBuildPhase;
			buildActionMask = 2147483647;
			files = (
			);
			runOnlyForDeploymentPostprocessing = 0;
		};
/* End PBXFrameworksBuildPhase section */

/* Begin PBXGroup section */
		482FFF44209625A000A5F36F = {
			isa = PBXGroup;
			children = (
				482FFF4F209625A000A5F36F /* Auto Leyout Caclulator */,
				482FFF4E209625A000A5F36F /* Products */,
			);
			sourceTree = "<group>";
		};
		482FFF4E209625A000A5F36F /* Products */ = {
			isa = PBXGroup;
			children = (
				482FFF4D209625A000A5F36F /* Auto Leyout Caclulator.app */,
			);
			name = Products;
			sourceTree = "<group>";
		};
		482FFF4F209625A000A5F36F /* Auto Leyout Caclulator */ = {
			isa = PBXGroup;
			children = (
				482FFF50209625A000A5F36F /* AppDelegate.swift */,
				482FFF52209625A000A5F36F /* ViewController.swift */,
				482FFF54209625A000A5F36F /* Main.storyboard */,
				482FFF57209625A100A5F36F /* Assets.xcassets */,
				482FFF59209625A100A5F36F /* LaunchScreen.storyboard */,
				482FFF5C209625A100A5F36F /* Info.plist */,
			);
			path = "Auto Leyout Caclulator";
			sourceTree = "<group>";
		};
/* End PBXGroup section */

/* Begin PBXNativeTarget section */
		482FFF4C209625A000A5F36F /* Auto Leyout Caclulator */ = {
			isa = PBXNativeTarget;
			buildConfigurationList = 482FFF5F209625A100A5F36F /* Build configuration list for PBXNativeTarget "Auto Leyout Caclulator" */;
			buildPhases = (
				482FFF49209625A000A5F36F /* Sources */,
				482FFF4A209625A000A5F36F /* Frameworks */,
				482FFF4B209625A000A5F36F /* Resources */,
			);
			buildRules = (
			);
			dependencies = (
			);
			name = "Auto Leyout Caclulator";
			productName = "Auto Leyout Caclulator";
			productReference = 482FFF4D209625A000A5F36F /* Auto Leyout Caclulator.app */;
			productType = "com.apple.product-type.application";
		};
/* End PBXNativeTarget section */

/* Begin PBXProject section */
		482FFF45209625A000A5F36F /* Project object */ = {
			isa = PBXProject;
			attributes = {
				LastSwiftUpdateCheck = 0930;
				LastUpgradeCheck = 0930;
				ORGANIZATIONNAME = "Jasbeer Singh";
				TargetAttributes = {
					482FFF4C209625A000A5F36F = {
						CreatedOnToolsVersion = 9.3;
					};
				};
			};
			buildConfigurationList = 482FFF48209625A000A5F36F /* Build configuration list for PBXProject "Auto Leyout Caclulator" */;
			compatibilityVersion = "Xcode 9.3";
			developmentRegion = en;
			hasScannedForEncodings = 0;
			knownRegions = (
				en,
				Base,
			);
			mainGroup = 482FFF44209625A000A5F36F;
			productRefGroup = 482FFF4E209625A000A5F36F /* Products */;
			projectDirPath = "";
			projectRoot = "";
			targets = (
				482FFF4C209625A000A5F36F /* Auto Leyout Caclulator */,
			);
		};
/* End PBXProject section */

/* Begin PBXResourcesBuildPhase section */
		482FFF4B209625A000A5F36F /* Resources */ = {
			isa = PBXResourcesBuildPhase;
			buildActionMask = 2147483647;
			files = (
				482FFF5B209625A100A5F36F /* LaunchScreen.storyboard in Resources */,
				482FFF58209625A100A5F36F /* Assets.xcassets in Resources */,
				482FFF56209625A000A5F36F /* Main.storyboard in Resources */,
			);
			runOnlyForDeploymentPostprocessing = 0;
		};
/* End PBXResourcesBuildPhase section */

/* Begin PBXSourcesBuildPhase section */
		482FFF49209625A000A5F36F /* Sources */ = {
			isa = PBXSourcesBuildPhase;
			buildActionMask = 2147483647;
			files = (
				482FFF53209625A000A5F36F /* ViewController.swift in Sources */,
				482FFF51209625A000A5F36F /* AppDelegate.swift in Sources */,
			);
			runOnlyForDeploymentPostprocessing = 0;
		};
/* End PBXSourcesBuildPhase section */

/* Begin PBXVariantGroup section */
		482FFF54209625A000A5F36F /* Main.storyboard */ = {
			isa = PBXVariantGroup;
			children = (
				482FFF55209625A000A5F36F /* Base */,
			);
			name = Main.storyboard;
			sourceTree = "<group>";
		};
		482FFF59209625A100A5F36F /* LaunchScreen.storyboard */ = {
			isa = PBXVariantGroup;
			children = (
				482FFF5A209625A100A5F36F /* Base */,
			);
			name = LaunchScreen.storyboard;
			sourceTree = "<group>";
		};
/* End PBXVariantGroup section */

/* Begin XCBuildConfiguration section */
		482FFF5D209625A100A5F36F /* Debug */ = {
			isa = XCBuildConfiguration;
			buildSettings = {
				ALWAYS_SEARCH_USER_PATHS = NO;
				CLANG_ANALYZER_NONNULL = YES;
				CLANG_ANALYZER_NUMBER_OBJECT_CONVERSION = YES_AGGRESSIVE;
				CLANG_CXX_LANGUAGE_STANDARD = "gnu++14";
				CLANG_CXX_LIBRARY = "libc++";
				CLANG_ENABLE_MODULES = YES;
				CLANG_ENABLE_OBJC_ARC = YES;
				CLANG_ENABLE_OBJC_WEAK = YES;
				CLANG_WARN_BLOCK_CAPTURE_AUTORELEASING = YES;
				CLANG_WARN_BOOL_CONVERSION = YES;
				CLANG_WARN_COMMA = YES;
				CLANG_WARN_CONSTANT_CONVERSION = YES;
				CLANG_WARN_DEPRECATED_OBJC_IMPLEMENTATIONS = YES;
				CLANG_WARN_DIRECT_OBJC_ISA_USAGE = YES_ERROR;
				CLANG_WARN_DOCUMENTATION_COMMENTS = YES;
				CLANG_WARN_EMPTY_BODY = YES;
				CLANG_WARN_ENUM_CONVERSION = YES;
				CLANG_WARN_INFINITE_RECURSION = YES;
				CLANG_WARN_INT_CONVERSION = YES;
				CLANG_WARN_NON_LITERAL_NULL_CONVERSION = YES;
				CLANG_WARN_OBJC_IMPLICIT_RETAIN_SELF = YES;
				CLANG_WARN_OBJC_LITERAL_CONVERSION = YES;
				CLANG_WARN_OBJC_ROOT_CLASS = YES_ERROR;
				CLANG_WARN_RANGE_LOOP_ANALYSIS = YES;
				CLANG_WARN_STRICT_PROTOTYPES = YES;
				CLANG_WARN_SUSPICIOUS_MOVE = YES;
				CLANG_WARN_UNGUARDED_AVAILABILITY = YES_AGGRESSIVE;
				CLANG_WARN_UNREACHABLE_CODE = YES;
				CLANG_WARN__DUPLICATE_METHOD_MATCH = YES;
				CODE_SIGN_IDENTITY = "iPhone Developer";
				COPY_PHASE_STRIP = NO;
				DEBUG_INFORMATION_FORMAT = dwarf;
				ENABLE_STRICT_OBJC_MSGSEND = YES;
				ENABLE_TESTABILITY = YES;
				GCC_C_LANGUAGE_STANDARD = gnu11;
				GCC_DYNAMIC_NO_PIC = NO;
				GCC_NO_COMMON_BLOCKS = YES;
				GCC_OPTIMIZATION_LEVEL = 0;
				GCC_PREPROCESSOR_DEFINITIONS = (
					"DEBUG=1",
					"$(inherited)",
				);
				GCC_WARN_64_TO_32_BIT_CONVERSION = YES;
				GCC_WARN_ABOUT_RETURN_TYPE = YES_ERROR;
				GCC_WARN_UNDECLARED_SELECTOR = YES;
				GCC_WARN_UNINITIALIZED_AUTOS = YES_AGGRESSIVE;
				GCC_WARN_UNUSED_FUNCTION = YES;
				GCC_WARN_UNUSED_VARIABLE = YES;
				IPHONEOS_DEPLOYMENT_TARGET = 11.3;
				MTL_ENABLE_DEBUG_INFO = YES;
				ONLY_ACTIVE_ARCH = YES;
				SDKROOT = iphoneos;
				SWIFT_ACTIVE_COMPILATION_CONDITIONS = DEBUG;
				SWIFT_OPTIMIZATION_LEVEL = "-Onone";
			};
			name = Debug;
		};
		482FFF5E209625A100A5F36F /* Release */ = {
			isa = XCBuildConfiguration;
			buildSettings = {
				ALWAYS_SEARCH_USER_PATHS = NO;
				CLANG_ANALYZER_NONNULL = YES;
				CLANG_ANALYZER_NUMBER_OBJECT_CONVERSION = YES_AGGRESSIVE;
				CLANG_CXX_LANGUAGE_STANDARD = "gnu++14";
				CLANG_CXX_LIBRARY = "libc++";
				CLANG_ENABLE_MODULES = YES;
				CLANG_ENABLE_OBJC_ARC = YES;
				CLANG_ENABLE_OBJC_WEAK = YES;
				CLANG_WARN_BLOCK_CAPTURE_AUTORELEASING = YES;
				CLANG_WARN_BOOL_CONVERSION = YES;
				CLANG_WARN_COMMA = YES;
				CLANG_WARN_CONSTANT_CONVERSION = YES;
				CLANG_WARN_DEPRECATED_OBJC_IMPLEMENTATIONS = YES;
				CLANG_WARN_DIRECT_OBJC_ISA_USAGE = YES_ERROR;
				CLANG_WARN_DOCUMENTATION_COMMENTS = YES;
				CLANG_WARN_EMPTY_BODY = YES;
				CLANG_WARN_ENUM_CONVERSION = YES;
				CLANG_WARN_INFINITE_RECURSION = YES;
				CLANG_WARN_INT_CONVERSION = YES;
				CLANG_WARN_NON_LITERAL_NULL_CONVERSION = YES;
				CLANG_WARN_OBJC_IMPLICIT_RETAIN_SELF = YES;
				CLANG_WARN_OBJC_LITERAL_CONVERSION = YES;
				CLANG_WARN_OBJC_ROOT_CLASS = YES_ERROR;
				CLANG_WARN_RANGE_LOOP_ANALYSIS = YES;
				CLANG_WARN_STRICT_PROTOTYPES = YES;
				CLANG_WARN_SUSPICIOUS_MOVE = YES;
				CLANG_WARN_UNGUARDED_AVAILABILITY = YES_AGGRESSIVE;
				CLANG_WARN_UNREACHABLE_CODE = YES;
				CLANG_WARN__DUPLICATE_METHOD_MATCH = YES;
				CODE_SIGN_IDENTITY = "iPhone Developer";
				COPY_PHASE_STRIP = NO;
				DEBUG_INFORMATION_FORMAT = "dwarf-with-dsym";
				ENABLE_NS_ASSERTIONS = NO;
				ENABLE_STRICT_OBJC_MSGSEND = YES;
				GCC_C_LANGUAGE_STANDARD = gnu11;
				GCC_NO_COMMON_BLOCKS = YES;
				GCC_WARN_64_TO_32_BIT_CONVERSION = YES;
				GCC_WARN_ABOUT_RETURN_TYPE = YES_ERROR;
				GCC_WARN_UNDECLARED_SELECTOR = YES;
				GCC_WARN_UNINITIALIZED_AUTOS = YES_AGGRESSIVE;
				GCC_WARN_UNUSED_FUNCTION = YES;
				GCC_WARN_UNUSED_VARIABLE = YES;
				IPHONEOS_DEPLOYMENT_TARGET = 11.3;
				MTL_ENABLE_DEBUG_INFO = NO;
				SDKROOT = iphoneos;
				SWIFT_COMPILATION_MODE = wholemodule;
				SWIFT_OPTIMIZATION_LEVEL = "-O";
				VALIDATE_PRODUCT = YES;
			};
			name = Release;
		};
		482FFF60209625A100A5F36F /* Debug */ = {
			isa = XCBuildConfiguration;
			buildSettings = {
				ASSETCATALOG_COMPILER_APPICON_NAME = AppIcon;
				CODE_SIGN_STYLE = Automatic;
				INFOPLIST_FILE = "Auto Leyout Caclulator/Info.plist";
				LD_RUNPATH_SEARCH_PATHS = (
					"$(inherited)",
					"@executable_path/Frameworks",
				);
				PRODUCT_BUNDLE_IDENTIFIER = "com.jasbeersingh.Auto-Leyout-Caclulator";
				PRODUCT_NAME = "$(TARGET_NAME)";
				SWIFT_VERSION = 4.0;
				TARGETED_DEVICE_FAMILY = "1,2";
			};
			name = Debug;
		};
		482FFF61209625A100A5F36F /* Release */ = {
			isa = XCBuildConfiguration;
			buildSettings = {
				ASSETCATALOG_COMPILER_APPICON_NAME = AppIcon;
				CODE_SIGN_STYLE = Automatic;
				INFOPLIST_FILE = "Auto Leyout Caclulator/Info.plist";
				LD_RUNPATH_SEARCH_PATHS = (
					"$(inherited)",
					"@executable_path/Frameworks",
				);
				PRODUCT_BUNDLE_IDENTIFIER = "com.jasbeersingh.Auto-Leyout-Caclulator";
				PRODUCT_NAME = "$(TARGET_NAME)";
				SWIFT_VERSION = 4.0;
				TARGETED_DEVICE_FAMILY = "1,2";
			};
			name = Release;
		};
/* End XCBuildConfiguration section */

/* Begin XCConfigurationList section */
		482FFF48209625A000A5F36F /* Build configuration list for PBXProject "Auto Leyout Caclulator" */ = {
			isa = XCConfigurationList;
			buildConfigurations = (
				482FFF5D209625A100A5F36F /* Debug */,
				482FFF5E209625A100A5F36F /* Release */,
			);
			defaultConfigurationIsVisible = 0;
			defaultConfigurationName = Release;
		};
		482FFF5F209625A100A5F36F /* Build configuration list for PBXNativeTarget "Auto Leyout Caclulator" */ = {
			isa = XCConfigurationList;
			buildConfigurations = (
				482FFF60209625A100A5F36F /* Debug */,
				482FFF61209625A100A5F36F /* Release */,
			);
			defaultConfigurationIsVisible = 0;
			defaultConfigurationName = Release;
		};
/* End XCConfigurationList section */
	};
	rootObject = 482FFF45209625A000A5F36F /* Project object */;
}
